{
    "_meta": {
        "hash": {
            "sha256": "e2c70f40bdbfc1d2172cd21b193b560a25918ee14e8c722431238f45b73be3e1"
        },
        "pipfile-spec": 6,
        "requires": {
            "python_version": "3.8"
        },
        "sources": [
            {
                "name": "pypi",
                "url": "https://repo.huaweicloud.com/repository/pypi/simple",
                "verify_ssl": true
            }
        ]
    },
    "default": {},
    "develop": {}
}
